<?xml version="1.0" encoding="utf-8"?>
<Project ToolsVersion="4.0" xmlns="http://schemas.microsoft.com/developer/msbuild/2003">
  <ItemGroup>
    <ClCompile Include="src\main.cpp" />
    <ClCompile Include="src\testApp.cpp" />
    <ClCompile Include="..\src\ofxGraycode.cpp">
      <Filter>addons\ofxGraycode</Filter>
    </ClCompile>
    <ClCompile Include="..\src\Payload.cpp">
      <Filter>addons\ofxGraycode</Filter>
    </ClCompile>
    <ClCompile Include="..\..\ofxGrabCam\src\ofxGrabCam.cpp">
      <Filter>addons\ofxGrabcam</Filter>
    </ClCompile>
    <ClCompile Include="..\src\Dataset.cpp">
      <Filter>addons\ofxGraycode</Filter>
    </ClCompile>
  </ItemGroup>
  <ItemGroup>
    <ClInclude Include="src\testApp.h" />
    <ClInclude Include="..\src\ofxGraycode.h">
      <Filter>addons\ofxGraycode</Filter>
    </ClInclude>
    <ClInclude Include="..\src\Payload.h">
      <Filter>addons\ofxGraycode</Filter>
    </ClInclude>
    <ClInclude Include="..\src\Types.h">
      <Filter>addons\ofxGraycode</Filter>
    </ClInclude>
    <ClInclude Include="..\..\ofxGrabCam\src\ofxGrabCam.h">
      <Filter>addons\ofxGrabcam</Filter>
    </ClInclude>
    <ClInclude Include="..\src\Dataset.h">
      <Filter>addons\ofxGraycode</Filter>
    </ClInclude>
  </ItemGroup>
  <ItemGroup>
    <Filter Include="addons">
      <UniqueIdentifier>{1c52f653-215c-4234-bad9-79227a6d7ec4}</UniqueIdentifier>
    </Filter>
    <Filter Include="addons\ofxGraycode">
      <UniqueIdentifier>{04b79d62-7784-4de1-a5af-dfc10ef07436}</UniqueIdentifier>
    </Filter>
    <Filter Include="addons\ofxGrabcam">
      <UniqueIdentifier>{450a7b84-eb90-4855-97ea-5141c9cf5532}</UniqueIdentifier>
    </Filter>
  </ItemGroup>
</Project>